
Microsoft Visual Studio Solution File, Format Version 12.00
# Visual Studio Version 17
VisualStudioVersion = 17.5.002.0
MinimumVisualStudioVersion = 10.0.40219.1
Project("{9A19103F-16F7-4668-BE54-9A1E7A4F7556}") = "Three2025", "Three2025.csproj", "{B9993A6D-F7CF-49A9-9693-95E0B8EC24B4}"
EndProject
Project("{9A19103F-16F7-4668-BE54-9A1E7A4F7556}") = "BlazorThreeJS", "..\BlazorThreeJS\BlazorThreeJS.csproj", "{8BBDB490-3049-456A-8B58-7FE8D8DF3A0E}"
EndProject
Project("{9A19103F-16F7-4668-BE54-9A1E7A4F7556}") = "FoundryBlazor", "..\FoundryBlazor\FoundryBlazor.csproj", "{AF83EEFD-6539-4A1C-AAB8-80360D060056}"
EndProject
Project("{FAE04EC0-301F-11D3-BF4B-00C04F79EFBC}") = "FoundryMentorModeler", "..\FoundryMentorModeler\FoundryMentorModeler.csproj", "{367A1242-66B5-44F9-BEF0-322F7E3A0ABB}"
EndProject
Global
	GlobalSection(SolutionConfigurationPlatforms) = preSolution
		Debug|Any CPU = Debug|Any CPU
		Release|Any CPU = Release|Any CPU
	EndGlobalSection
	GlobalSection(ProjectConfigurationPlatforms) = postSolution
		{B9993A6D-F7CF-49A9-9693-95E0B8EC24B4}.Debug|Any CPU.ActiveCfg = Debug|Any CPU
		{B9993A6D-F7CF-49A9-9693-95E0B8EC24B4}.Debug|Any CPU.Build.0 = Debug|Any CPU
		{B9993A6D-F7CF-49A9-9693-95E0B8EC24B4}.Release|Any CPU.ActiveCfg = Release|Any CPU
		{B9993A6D-F7CF-49A9-9693-95E0B8EC24B4}.Release|Any CPU.Build.0 = Release|Any CPU
		{8BBDB490-3049-456A-8B58-7FE8D8DF3A0E}.Debug|Any CPU.ActiveCfg = Debug|Any CPU
		{8BBDB490-3049-456A-8B58-7FE8D8DF3A0E}.Debug|Any CPU.Build.0 = Debug|Any CPU
		{8BBDB490-3049-456A-8B58-7FE8D8DF3A0E}.Release|Any CPU.ActiveCfg = Release|Any CPU
		{8BBDB490-3049-456A-8B58-7FE8D8DF3A0E}.Release|Any CPU.Build.0 = Release|Any CPU
		{AF83EEFD-6539-4A1C-AAB8-80360D060056}.Debug|Any CPU.ActiveCfg = Debug|Any CPU
		{AF83EEFD-6539-4A1C-AAB8-80360D060056}.Debug|Any CPU.Build.0 = Debug|Any CPU
		{AF83EEFD-6539-4A1C-AAB8-80360D060056}.Release|Any CPU.ActiveCfg = Release|Any CPU
		{AF83EEFD-6539-4A1C-AAB8-80360D060056}.Release|Any CPU.Build.0 = Release|Any CPU
		{367A1242-66B5-44F9-BEF0-322F7E3A0ABB}.Debug|Any CPU.ActiveCfg = Debug|Any CPU
		{367A1242-66B5-44F9-BEF0-322F7E3A0ABB}.Debug|Any CPU.Build.0 = Debug|Any CPU
		{367A1242-66B5-44F9-BEF0-322F7E3A0ABB}.Release|Any CPU.ActiveCfg = Release|Any CPU
		{367A1242-66B5-44F9-BEF0-322F7E3A0ABB}.Release|Any CPU.Build.0 = Release|Any CPU
	EndGlobalSection
	GlobalSection(SolutionProperties) = preSolution
		HideSolutionNode = FALSE
	EndGlobalSection
	GlobalSection(ExtensibilityGlobals) = postSolution
		SolutionGuid = {2561FCB6-055A-42E2-B54F-56A4616DC083}
	EndGlobalSection
EndGlobal
