
Microsoft Visual Studio Solution File, Format Version 12.00
# Visual Studio Version 18
VisualStudioVersion = 18.0.11018.127
MinimumVisualStudioVersion = 10.0.40219.1
Project("{FAE04EC0-301F-11D3-BF4B-00C04F79EFBC}") = "Three2025", "Three2025.csproj", "{C5FA4A17-D73D-391B-6E03-EA79B575EBD8}"
EndProject
Project("{FAE04EC0-301F-11D3-BF4B-00C04F79EFBC}") = "FoundryWorldsAndDrawings", "..\FoundryWorldsAndDrawings\FoundryWorldsAndDrawings.csproj", "{83A5F469-87A3-773A-DDA4-AA07E86680A4}"
EndProject
Project("{FAE04EC0-301F-11D3-BF4B-00C04F79EFBC}") = "FoundryRulesAndUnits", "..\FoundryRulesAndUnits\FoundryRulesAndUnits.csproj", "{A6C26F2B-CEE6-95A3-FE48-3D729BAC31E7}"
EndProject
Project("{FAE04EC0-301F-11D3-BF4B-00C04F79EFBC}") = "FoundryMentorModeler", "..\FoundryMentorModeler\FoundryMentorModeler.csproj", "{45682160-B36F-C49E-73B8-CE73A0305A89}"
EndProject
Global
	GlobalSection(SolutionConfigurationPlatforms) = preSolution
		Debug|Any CPU = Debug|Any CPU
		Release|Any CPU = Release|Any CPU
	EndGlobalSection
	GlobalSection(ProjectConfigurationPlatforms) = postSolution
		{C5FA4A17-D73D-391B-6E03-EA79B575EBD8}.Debug|Any CPU.ActiveCfg = Debug|Any CPU
		{C5FA4A17-D73D-391B-6E03-EA79B575EBD8}.Debug|Any CPU.Build.0 = Debug|Any CPU
		{C5FA4A17-D73D-391B-6E03-EA79B575EBD8}.Release|Any CPU.ActiveCfg = Release|Any CPU
		{C5FA4A17-D73D-391B-6E03-EA79B575EBD8}.Release|Any CPU.Build.0 = Release|Any CPU
		{83A5F469-87A3-773A-DDA4-AA07E86680A4}.Debug|Any CPU.ActiveCfg = Debug|Any CPU
		{83A5F469-87A3-773A-DDA4-AA07E86680A4}.Debug|Any CPU.Build.0 = Debug|Any CPU
		{83A5F469-87A3-773A-DDA4-AA07E86680A4}.Release|Any CPU.ActiveCfg = Release|Any CPU
		{83A5F469-87A3-773A-DDA4-AA07E86680A4}.Release|Any CPU.Build.0 = Release|Any CPU
		{A6C26F2B-CEE6-95A3-FE48-3D729BAC31E7}.Debug|Any CPU.ActiveCfg = Debug|Any CPU
		{A6C26F2B-CEE6-95A3-FE48-3D729BAC31E7}.Debug|Any CPU.Build.0 = Debug|Any CPU
		{A6C26F2B-CEE6-95A3-FE48-3D729BAC31E7}.Release|Any CPU.ActiveCfg = Release|Any CPU
		{A6C26F2B-CEE6-95A3-FE48-3D729BAC31E7}.Release|Any CPU.Build.0 = Release|Any CPU
		{45682160-B36F-C49E-73B8-CE73A0305A89}.Debug|Any CPU.ActiveCfg = Debug|Any CPU
		{45682160-B36F-C49E-73B8-CE73A0305A89}.Debug|Any CPU.Build.0 = Debug|Any CPU
		{45682160-B36F-C49E-73B8-CE73A0305A89}.Release|Any CPU.ActiveCfg = Release|Any CPU
		{45682160-B36F-C49E-73B8-CE73A0305A89}.Release|Any CPU.Build.0 = Release|Any CPU
	EndGlobalSection
	GlobalSection(SolutionProperties) = preSolution
		HideSolutionNode = FALSE
	EndGlobalSection
	GlobalSection(ExtensibilityGlobals) = postSolution
		SolutionGuid = {4A61117D-6C55-4F15-BB51-62951A83124C}
	EndGlobalSection
EndGlobal
